dependencies:
- name: postgresql
  repository: https://charts.bitnami.com/bitnami
  version: 11.1.1
- name: solr
  repository: https://charts.bitnami.com/bitnami
  version: 2.1.2
- name: tomcat
  repository: https://charts.bitnami.com/bitnami
  version: 9.5.3
digest: sha256:3e2630e778a3efb2912bb1ee5741cdda11fcb310f1d36c678bde916ee97fcc12
generated: "2022-02-25T12:53:17.067852873Z"
