dependencies:
- name: postgresql
  repository: https://charts.bitnami.com/bitnami
  version: 11.1.3
- name: solr
  repository: https://charts.bitnami.com/bitnami
  version: 3.0.7
- name: tomcat
  repository: https://charts.bitnami.com/bitnami
  version: 10.1.12
digest: sha256:b9908fce65a6deb6acb9ccc484f8edb38713ea9d1d8b4bb41225daae1f22e6ee
generated: "2022-03-04T12:54:22.109645556Z"
